[[package]]
name = "dunce"
version = "0.1.1"
source = "registry+https://github.com/rust-lang/crates.io-index"

[[package]]
name = "unsafe-usage"
version = "0.1.0"
dependencies = [
 "dunce 0.1.1 (registry+https://github.com/rust-lang/crates.io-index)",
]

[metadata]
"checksum dunce 0.1.1 (registry+https://github.com/rust-lang/crates.io-index)" = "e86b07356baf1cc7058c95807ffba0bebe0c8cadd0df4c40b292c86194eabb37"
